# This file is automatically @generated by Cargo.
# It is not intended for manual editing.
version = 3

[[package]]
name = "fraction64"
version = "0.1.1"
dependencies = [
 "qol",
]

[[package]]
name = "qol"
version = "0.1.5"
source = "git+https://github.com/DrAlta/rust_quality_of_life.git#77b97eb26951df29fac0ac5ef8baeddd323f67ea"

[[package]]
name = "sapiesims"
version = "0.1.0"
dependencies = [
 "fraction64",
 "qol",
]
